
Microsoft Visual Studio Solution File, Format Version 12.00
# Visual Studio 15
VisualStudioVersion = 15.0.27703.2026
MinimumVisualStudioVersion = 10.0.40219.1
Project("{FAE04EC0-301F-11D3-BF4B-00C04F79EFBC}") = "TNet4", "TNet4\TNet4.csproj", "{6FD84D16-3FD9-4E45-90F4-3478C91E8939}"
EndProject
Global
	GlobalSection(SolutionConfigurationPlatforms) = preSolution
		Debug|Any CPU = Debug|Any CPU
		Release|Any CPU = Release|Any CPU
	EndGlobalSection
	GlobalSection(ProjectConfigurationPlatforms) = postSolution
		{6FD84D16-3FD9-4E45-90F4-3478C91E8939}.Debug|Any CPU.ActiveCfg = Debug|Any CPU
		{6FD84D16-3FD9-4E45-90F4-3478C91E8939}.Debug|Any CPU.Build.0 = Debug|Any CPU
		{6FD84D16-3FD9-4E45-90F4-3478C91E8939}.Release|Any CPU.ActiveCfg = Release|Any CPU
		{6FD84D16-3FD9-4E45-90F4-3478C91E8939}.Release|Any CPU.Build.0 = Release|Any CPU
	EndGlobalSection
	GlobalSection(SolutionProperties) = preSolution
		HideSolutionNode = FALSE
	EndGlobalSection
	GlobalSection(ExtensibilityGlobals) = postSolution
		SolutionGuid = {847CD277-4BE1-4962-9967-DB81F1106218}
	EndGlobalSection
EndGlobal
